# This file is generated by running "yarn install" inside your project.
# Manual changes might be lost - proceed with caution!

__metadata:
  version: 6

"video-to-reels-server@workspace:packages/server":
  version: 0.0.0-use.local
  resolution: "video-to-reels-server@workspace:packages/server"
  languageName: unknown
  linkType: soft

"video-to-reels-ui@workspace:packages/ui":
  version: 0.0.0-use.local
  resolution: "video-to-reels-ui@workspace:packages/ui"
  languageName: unknown
  linkType: soft

"video-to-reels@workspace:.":
  version: 0.0.0-use.local
  resolution: "video-to-reels@workspace:."
  languageName: unknown
  linkType: soft
